
Microsoft Visual Studio Solution File, Format Version 12.00
# Visual Studio Version 17
VisualStudioVersion = 17.8.34330.188
MinimumVisualStudioVersion = 10.0.40219.1
Project("{FAE04EC0-301F-11D3-BF4B-00C04F79EFBC}") = "WpfApp5", "WpfApp5\WpfApp5.csproj", "{6AD9A5DE-F245-4203-A2BE-57E1371CA8EE}"
EndProject
Project("{FAE04EC0-301F-11D3-BF4B-00C04F79EFBC}") = "ConsoleApp1", "ConsoleApp1\ConsoleApp1.csproj", "{89EB4DE5-7E21-4056-BA35-34CBA5B5A899}"
EndProject
Global
	GlobalSection(SolutionConfigurationPlatforms) = preSolution
		Debug|Any CPU = Debug|Any CPU
		Release|Any CPU = Release|Any CPU
	EndGlobalSection
	GlobalSection(ProjectConfigurationPlatforms) = postSolution
		{6AD9A5DE-F245-4203-A2BE-57E1371CA8EE}.Debug|Any CPU.ActiveCfg = Debug|Any CPU
		{6AD9A5DE-F245-4203-A2BE-57E1371CA8EE}.Debug|Any CPU.Build.0 = Debug|Any CPU
		{6AD9A5DE-F245-4203-A2BE-57E1371CA8EE}.Release|Any CPU.ActiveCfg = Release|Any CPU
		{6AD9A5DE-F245-4203-A2BE-57E1371CA8EE}.Release|Any CPU.Build.0 = Release|Any CPU
		{89EB4DE5-7E21-4056-BA35-34CBA5B5A899}.Debug|Any CPU.ActiveCfg = Debug|Any CPU
		{89EB4DE5-7E21-4056-BA35-34CBA5B5A899}.Debug|Any CPU.Build.0 = Debug|Any CPU
		{89EB4DE5-7E21-4056-BA35-34CBA5B5A899}.Release|Any CPU.ActiveCfg = Release|Any CPU
		{89EB4DE5-7E21-4056-BA35-34CBA5B5A899}.Release|Any CPU.Build.0 = Release|Any CPU
	EndGlobalSection
	GlobalSection(SolutionProperties) = preSolution
		HideSolutionNode = FALSE
	EndGlobalSection
	GlobalSection(ExtensibilityGlobals) = postSolution
		SolutionGuid = {3FD40655-2B5B-426C-AF04-3554906A92E8}
	EndGlobalSection
EndGlobal
